
Microsoft Visual Studio Solution File, Format Version 12.00
# Visual Studio 15
VisualStudioVersion = 15.0.28010.2046
MinimumVisualStudioVersion = 10.0.40219.1
Project("{FAE04EC0-301F-11D3-BF4B-00C04F79EFBC}") = "Tiff2PDF", "Tiff2PDF\Tiff2PDF.csproj", "{DE69F053-9CDD-4851-B259-66AF35787357}"
EndProject
Global
	GlobalSection(SolutionConfigurationPlatforms) = preSolution
		Debug|Any CPU = Debug|Any CPU
		Release|Any CPU = Release|Any CPU
	EndGlobalSection
	GlobalSection(ProjectConfigurationPlatforms) = postSolution
		{DE69F053-9CDD-4851-B259-66AF35787357}.Debug|Any CPU.ActiveCfg = Debug|Any CPU
		{DE69F053-9CDD-4851-B259-66AF35787357}.Debug|Any CPU.Build.0 = Debug|Any CPU
		{DE69F053-9CDD-4851-B259-66AF35787357}.Release|Any CPU.ActiveCfg = Release|Any CPU
		{DE69F053-9CDD-4851-B259-66AF35787357}.Release|Any CPU.Build.0 = Release|Any CPU
	EndGlobalSection
	GlobalSection(SolutionProperties) = preSolution
		HideSolutionNode = FALSE
	EndGlobalSection
	GlobalSection(ExtensibilityGlobals) = postSolution
		SolutionGuid = {BFEFB58A-F21B-4968-9551-76A606644D70}
	EndGlobalSection
EndGlobal
